<?xml version="1.0" encoding="utf-8"?>
<Project ToolsVersion="4.0" xmlns="http://schemas.microsoft.com/developer/msbuild/2003">
  <ItemGroup>
    <Filter Include="Resource Files">
      <UniqueIdentifier>{67DA6AB6-F800-4c08-8B7A-83BB121AAD01}</UniqueIdentifier>
      <Extensions>rc;ico;cur;bmp;dlg;rc2;rct;bin;rgs;gif;jpg;jpeg;jpe;resx;tiff;tif;png;wav;mfcribbon-ms</Extensions>
    </Filter>
    <Filter Include="ReferenceFiles">
      <UniqueIdentifier>{6f3abe6b-4829-4ade-be83-0708865ff3a8}</UniqueIdentifier>
    </Filter>
    <Filter Include="Source">
      <UniqueIdentifier>{1d10558d-b25b-44f1-8f3a-5ac5f465ed49}</UniqueIdentifier>
    </Filter>
  </ItemGroup>
  <ItemGroup>
    <ClCompile Include="Main3_DrawFunction1.cpp">
      <Filter>ReferenceFiles</Filter>
    </ClCompile>
    <ClCompile Include="Main3_DrawFunction2.cpp">
      <Filter>ReferenceFiles</Filter>
    </ClCompile>
    <ClCompile Include="Main3_Scene.cpp">
      <Filter>ReferenceFiles</Filter>
    </ClCompile>
    <ClCompile Include="Main3.cpp">
      <Filter>Source</Filter>
    </ClCompile>
    <ClCompile Include="MyUtil.cpp">
      <Filter>Source</Filter>
    </ClCompile>
    <ClCompile Include="Scene.cpp">
      <Filter>Source</Filter>
    </ClCompile>
  </ItemGroup>
  <ItemGroup>
    <ClInclude Include="MyUtil.h">
      <Filter>Source</Filter>
    </ClInclude>
    <ClInclude Include="Scene.h">
      <Filter>Source</Filter>
    </ClInclude>
  </ItemGroup>
</Project>