<?xml version="1.0" encoding="utf-8"?>
<Project ToolsVersion="4.0" xmlns="http://schemas.microsoft.com/developer/msbuild/2003">
  <ItemGroup>
    <Filter Include="Source Files">
      <UniqueIdentifier>{4FC737F1-C7A5-4376-A066-2A32D752A2FF}</UniqueIdentifier>
      <Extensions>cpp;c;cc;cxx;c++;cppm;ixx;def;odl;idl;hpj;bat;asm;asmx</Extensions>
    </Filter>
    <Filter Include="Header Files">
      <UniqueIdentifier>{93995380-89BD-4b04-88EB-625FBE52EBFB}</UniqueIdentifier>
      <Extensions>h;hh;hpp;hxx;h++;hm;inl;inc;ipp;xsd</Extensions>
    </Filter>
    <Filter Include="Resource Files">
      <UniqueIdentifier>{67DA6AB6-F800-4c08-8B7A-83BB121AAD01}</UniqueIdentifier>
      <Extensions>rc;ico;cur;bmp;dlg;rc2;rct;bin;rgs;gif;jpg;jpeg;jpe;resx;tiff;tif;png;wav;mfcribbon-ms</Extensions>
    </Filter>
    <Filter Include="ReferenceFiles">
      <UniqueIdentifier>{acdcfdc3-e8bc-4f51-8dfe-9954537d4a32}</UniqueIdentifier>
    </Filter>
  </ItemGroup>
  <ItemGroup>
    <ClCompile Include="ConsoleApplication1.cpp">
      <Filter>Source Files</Filter>
    </ClCompile>
    <ClCompile Include="ConsoleApplication1_Week01 function main.cpp">
      <Filter>ReferenceFiles</Filter>
    </ClCompile>
    <ClCompile Include="ConsoleApplication1_Week02 complex number.cpp">
      <Filter>ReferenceFiles</Filter>
    </ClCompile>
    <ClCompile Include="ConsoleApplication1_Week02 program structure.cpp">
      <Filter>ReferenceFiles</Filter>
    </ClCompile>
    <ClCompile Include="ConsoleApplication1_Week02 sqrt domain error.cpp">
      <Filter>ReferenceFiles</Filter>
    </ClCompile>
    <ClCompile Include="ConsoleApplication1_Week02 complex number_done.cpp">
      <Filter>ReferenceFiles</Filter>
    </ClCompile>
    <ClCompile Include="ConsoleApplication1_week02 differentiation.cpp">
      <Filter>ReferenceFiles</Filter>
    </ClCompile>
    <ClCompile Include="ConsoleApplication1_week02 pointer02.cpp">
      <Filter>ReferenceFiles</Filter>
    </ClCompile>
    <ClCompile Include="ConsoleApplication1_week02 pointer01.cpp">
      <Filter>ReferenceFiles</Filter>
    </ClCompile>
    <ClCompile Include="ConsoleApplication1_TowerOfHanoi_Iterative01.cpp">
      <Filter>ReferenceFiles</Filter>
    </ClCompile>
    <ClCompile Include="ConsoleApplication1_TowerOfHanoi_Iterative02.cpp">
      <Filter>ReferenceFiles</Filter>
    </ClCompile>
    <ClCompile Include="CppOcw_containerAndIterator.cpp">
      <Filter>ReferenceFiles</Filter>
    </ClCompile>
    <ClCompile Include="CppOcw_containerAndIterator2.cpp">
      <Filter>ReferenceFiles</Filter>
    </ClCompile>
    <ClCompile Include="CppOcw_operatoroverloading01.cpp">
      <Filter>ReferenceFiles</Filter>
    </ClCompile>
    <ClCompile Include="CppOcw_operatoroverloading02 ostream.cpp">
      <Filter>ReferenceFiles</Filter>
    </ClCompile>
    <ClCompile Include="CppOcw_operatoroverloading03 operator new.cpp">
      <Filter>ReferenceFiles</Filter>
    </ClCompile>
    <ClCompile Include="Calculator01_StateAndVariables.cpp">
      <Filter>ReferenceFiles</Filter>
    </ClCompile>
    <ClCompile Include="Calculator02_StateTransition.cpp">
      <Filter>ReferenceFiles</Filter>
    </ClCompile>
    <ClCompile Include="Calculator03_State0-implementation.cpp">
      <Filter>ReferenceFiles</Filter>
    </ClCompile>
    <ClCompile Include="Calculator04_FinalResult.cpp">
      <Filter>ReferenceFiles</Filter>
    </ClCompile>
  </ItemGroup>
</Project>