<?xml version="1.0" encoding="utf-8"?>
<Project ToolsVersion="4.0" xmlns="http://schemas.microsoft.com/developer/msbuild/2003">
  <ItemGroup>
    <Filter Include="Resource Files">
      <UniqueIdentifier>{67DA6AB6-F800-4c08-8B7A-83BB121AAD01}</UniqueIdentifier>
      <Extensions>rc;ico;cur;bmp;dlg;rc2;rct;bin;rgs;gif;jpg;jpeg;jpe;resx;tiff;tif;png;wav;mfcribbon-ms</Extensions>
    </Filter>
    <Filter Include="ReferenceFiles">
      <UniqueIdentifier>{0b36ab82-3f3c-4be6-9312-0c610c576b67}</UniqueIdentifier>
    </Filter>
    <Filter Include="Source">
      <UniqueIdentifier>{0b58df1a-1efd-43b9-8652-928239eb281c}</UniqueIdentifier>
    </Filter>
  </ItemGroup>
  <ItemGroup>
    <ClCompile Include="ConsoleApplication1_ComplexNumber01.cpp">
      <Filter>ReferenceFiles</Filter>
    </ClCompile>
    <ClCompile Include="ConsoleApplication1_ComplexNumber02.cpp">
      <Filter>ReferenceFiles</Filter>
    </ClCompile>
    <ClCompile Include="ConsoleApplication1_ComplexNumber03.cpp">
      <Filter>ReferenceFiles</Filter>
    </ClCompile>
    <ClCompile Include="ConsoleApplication1_ComplexNumber04.cpp">
      <Filter>ReferenceFiles</Filter>
    </ClCompile>
    <ClCompile Include="ConsoleApplication1_GotoXy.cpp">
      <Filter>ReferenceFiles</Filter>
    </ClCompile>
    <ClCompile Include="ConsoleApplication1_Function.cpp">
      <Filter>ReferenceFiles</Filter>
    </ClCompile>
    <ClCompile Include="ConsoleApplication1.cpp">
      <Filter>Source</Filter>
    </ClCompile>
    <ClCompile Include="ConsoleApplication1_TowerOfHanoi_Iterative01.cpp">
      <Filter>ReferenceFiles</Filter>
    </ClCompile>
    <ClCompile Include="ConsoleApplication1_TowerOfHanoi_Iterative02.cpp">
      <Filter>ReferenceFiles</Filter>
    </ClCompile>
  </ItemGroup>
</Project>